
Microsoft Visual Studio Solution File, Format Version 12.00
# Visual Studio Version 16
VisualStudioVersion = 16.0.30804.86
MinimumVisualStudioVersion = 10.0.40219.1
Project("{F184B08F-C81C-45F6-A57F-5ABD9991F28F}") = "Discord RP Customizer", "Discord RP Customizer\Discord RP Customizer.vbproj", "{D63DFEDC-1E52-4F74-B332-20EDFD9C0AC3}"
EndProject
Project("{F184B08F-C81C-45F6-A57F-5ABD9991F28F}") = "Utils", "Utils\Utils.vbproj", "{50B4A7AD-75E0-4A93-A7F1-00E49A73AE05}"
EndProject
Global
	GlobalSection(SolutionConfigurationPlatforms) = preSolution
		Debug|Any CPU = Debug|Any CPU
		Release|Any CPU = Release|Any CPU
	EndGlobalSection
	GlobalSection(ProjectConfigurationPlatforms) = postSolution
		{D63DFEDC-1E52-4F74-B332-20EDFD9C0AC3}.Debug|Any CPU.ActiveCfg = Debug|Any CPU
		{D63DFEDC-1E52-4F74-B332-20EDFD9C0AC3}.Debug|Any CPU.Build.0 = Debug|Any CPU
		{D63DFEDC-1E52-4F74-B332-20EDFD9C0AC3}.Release|Any CPU.ActiveCfg = Release|Any CPU
		{D63DFEDC-1E52-4F74-B332-20EDFD9C0AC3}.Release|Any CPU.Build.0 = Release|Any CPU
		{50B4A7AD-75E0-4A93-A7F1-00E49A73AE05}.Debug|Any CPU.ActiveCfg = Debug|Any CPU
		{50B4A7AD-75E0-4A93-A7F1-00E49A73AE05}.Debug|Any CPU.Build.0 = Debug|Any CPU
		{50B4A7AD-75E0-4A93-A7F1-00E49A73AE05}.Release|Any CPU.ActiveCfg = Release|Any CPU
		{50B4A7AD-75E0-4A93-A7F1-00E49A73AE05}.Release|Any CPU.Build.0 = Release|Any CPU
	EndGlobalSection
	GlobalSection(SolutionProperties) = preSolution
		HideSolutionNode = FALSE
	EndGlobalSection
	GlobalSection(ExtensibilityGlobals) = postSolution
		SolutionGuid = {641ADE41-18F2-48BF-A399-F53DBE6C37C2}
	EndGlobalSection
EndGlobal
